<?xml version="1.0" encoding="utf-8"?>
<Project ToolsVersion="4.0" xmlns="http://schemas.microsoft.com/developer/msbuild/2003">
  <ItemGroup>
    <Filter Include="Source Files">
      <UniqueIdentifier>{4FC737F1-C7A5-4376-A066-2A32D752A2FF}</UniqueIdentifier>
      <Extensions>cpp;c;cc;cxx;def;odl;idl;hpj;bat;asm;asmx</Extensions>
    </Filter>
    <Filter Include="Header Files">
      <UniqueIdentifier>{93995380-89BD-4b04-88EB-625FBE52EBFB}</UniqueIdentifier>
      <Extensions>h;hpp;hxx;hm;inl;inc;xsd</Extensions>
    </Filter>
    <Filter Include="Resource Files">
      <UniqueIdentifier>{67DA6AB6-F800-4c08-8B7A-83BB121AAD01}</UniqueIdentifier>
      <Extensions>rc;ico;cur;bmp;dlg;rc2;rct;bin;rgs;gif;jpg;jpeg;jpe;resx;tiff;tif;png;wav;mfcribbon-ms</Extensions>
    </Filter>
    <Filter Include="Source Files\FormBar">
      <UniqueIdentifier>{cda07a64-6ecb-4a7d-8ed5-b1a2bcf38943}</UniqueIdentifier>
    </Filter>
  </ItemGroup>
  <ItemGroup>
    <None Include="ReadMe.txt" />
    <None Include="UserImages.bmp">
      <Filter>Resource Files</Filter>
    </None>
    <None Include="res\BigHouse.rc2">
      <Filter>Resource Files</Filter>
    </None>
    <None Include="res\BigHouseDoc.ico">
      <Filter>Resource Files</Filter>
    </None>
    <None Include="res\BigHouse.ico">
      <Filter>Resource Files</Filter>
    </None>
    <None Include="res\Toolbar.bmp">
      <Filter>Resource Files</Filter>
    </None>
    <None Include="res\Toolbar256.bmp">
      <Filter>Resource Files</Filter>
    </None>
    <None Include="res\bm_desk.bmp">
      <Filter>Resource Files</Filter>
    </None>
    <None Include="res\Rect.bmp">
      <Filter>Resource Files</Filter>
    </None>
    <None Include="res\cone.bmp">
      <Filter>Resource Files</Filter>
    </None>
    <None Include="res\Triangular_based_pyramid.bmp">
      <Filter>Resource Files</Filter>
    </None>
    <None Include="res\Sphere.bmp">
      <Filter>Resource Files</Filter>
    </None>
    <None Include="res\tearport.bmp">
      <Filter>Resource Files</Filter>
    </None>
    <None Include="res\Tours.bmp">
      <Filter>Resource Files</Filter>
    </None>
    <None Include="res\table.bmp">
      <Filter>Resource Files</Filter>
    </None>
    <None Include="res\desk.bmp">
      <Filter>Resource Files</Filter>
    </None>
    <None Include="res\bkgn.bmp">
      <Filter>Resource Files</Filter>
    </None>
    <None Include="res\mainfram.bmp">
      <Filter>Resource Files</Filter>
    </None>
    <None Include="res\icon1.ico">
      <Filter>Resource Files</Filter>
    </None>
    <None Include="res\bitmap1.bmp">
      <Filter>Resource Files</Filter>
    </None>
    <None Include="res\simple_shelf.bmp">
      <Filter>Resource Files</Filter>
    </None>
    <None Include="res\double_shelf.png">
      <Filter>Resource Files</Filter>
    </None>
    <None Include="res\double_shelf.bmp">
      <Filter>Resource Files</Filter>
    </None>
    <None Include="res\circle_shelf.bmp">
      <Filter>Resource Files</Filter>
    </None>
    <None Include="res\tearpot.bmp">
      <Filter>Resource Files</Filter>
    </None>
  </ItemGroup>
  <ItemGroup>
    <ClInclude Include="BigHouse.h">
      <Filter>Header Files</Filter>
    </ClInclude>
    <ClInclude Include="stdafx.h">
      <Filter>Header Files</Filter>
    </ClInclude>
    <ClInclude Include="targetver.h">
      <Filter>Header Files</Filter>
    </ClInclude>
    <ClInclude Include="MainFrm.h">
      <Filter>Header Files</Filter>
    </ClInclude>
    <ClInclude Include="BigHouseDoc.h">
      <Filter>Header Files</Filter>
    </ClInclude>
    <ClInclude Include="BigHouseView.h">
      <Filter>Header Files</Filter>
    </ClInclude>
    <ClInclude Include="Resource.h">
      <Filter>Header Files</Filter>
    </ClInclude>
    <ClInclude Include="FormBar.h">
      <Filter>Source Files\FormBar</Filter>
    </ClInclude>
    <ClInclude Include="base.h">
      <Filter>Header Files</Filter>
    </ClInclude>
    <ClInclude Include="Vector3D.h">
      <Filter>Header Files</Filter>
    </ClInclude>
    <ClInclude Include="Triangle3D.h">
      <Filter>Header Files</Filter>
    </ClInclude>
    <ClInclude Include="Shelf.h">
      <Filter>Header Files</Filter>
    </ClInclude>
    <ClInclude Include="RecShelf.h">
      <Filter>Header Files</Filter>
    </ClInclude>
    <ClInclude Include="RecShelfFont_Back.h">
      <Filter>Header Files</Filter>
    </ClInclude>
    <ClInclude Include="SettingRoomDlg.h">
      <Filter>Header Files</Filter>
    </ClInclude>
    <ClInclude Include="Struct.h">
      <Filter>Header Files</Filter>
    </ClInclude>
    <ClInclude Include="DlgSettingShelf.h">
      <Filter>Header Files</Filter>
    </ClInclude>
    <ClInclude Include="DlgProduction.h">
      <Filter>Header Files</Filter>
    </ClInclude>
    <ClInclude Include="CircleShelf.h">
      <Filter>Header Files</Filter>
    </ClInclude>
    <ClInclude Include="CustomListView.h">
      <Filter>Header Files</Filter>
    </ClInclude>
    <ClInclude Include="XmlUtls.h">
      <Filter>Header Files</Filter>
    </ClInclude>
    <ClInclude Include="Commodity.h">
      <Filter>Header Files</Filter>
    </ClInclude>
    <ClInclude Include="ArrangeCommodity.h">
      <Filter>Header Files</Filter>
    </ClInclude>
  </ItemGroup>
  <ItemGroup>
    <ClCompile Include="BigHouse.cpp">
      <Filter>Source Files</Filter>
    </ClCompile>
    <ClCompile Include="stdafx.cpp">
      <Filter>Source Files</Filter>
    </ClCompile>
    <ClCompile Include="MainFrm.cpp">
      <Filter>Source Files</Filter>
    </ClCompile>
    <ClCompile Include="BigHouseDoc.cpp">
      <Filter>Source Files</Filter>
    </ClCompile>
    <ClCompile Include="BigHouseView.cpp">
      <Filter>Source Files</Filter>
    </ClCompile>
    <ClCompile Include="FormBar.cpp">
      <Filter>Source Files\FormBar</Filter>
    </ClCompile>
    <ClCompile Include="Vector3D.cpp">
      <Filter>Source Files</Filter>
    </ClCompile>
    <ClCompile Include="Triangle3D.cpp">
      <Filter>Source Files</Filter>
    </ClCompile>
    <ClCompile Include="Shelf.cpp">
      <Filter>Source Files</Filter>
    </ClCompile>
    <ClCompile Include="RectShelf.cpp">
      <Filter>Source Files</Filter>
    </ClCompile>
    <ClCompile Include="RecShelfFont_Back.cpp">
      <Filter>Source Files</Filter>
    </ClCompile>
    <ClCompile Include="SettingRoomDlg.cpp">
      <Filter>Source Files</Filter>
    </ClCompile>
    <ClCompile Include="DlgSettingShelf.cpp">
      <Filter>Source Files</Filter>
    </ClCompile>
    <ClCompile Include="DlgProduction.cpp">
      <Filter>Source Files</Filter>
    </ClCompile>
    <ClCompile Include="CircleShelf.cpp">
      <Filter>Source Files</Filter>
    </ClCompile>
    <ClCompile Include="CustomListView.cpp">
      <Filter>Source Files</Filter>
    </ClCompile>
    <ClCompile Include="XmlUtls.cpp">
      <Filter>Source Files</Filter>
    </ClCompile>
    <ClCompile Include="Commodity.cpp">
      <Filter>Source Files</Filter>
    </ClCompile>
    <ClCompile Include="ArrangeCommodity.cpp">
      <Filter>Source Files</Filter>
    </ClCompile>
  </ItemGroup>
  <ItemGroup>
    <ResourceCompile Include="BigHouse.rc">
      <Filter>Resource Files</Filter>
    </ResourceCompile>
  </ItemGroup>
</Project>